<?xml version="1.0" encoding="utf-8"?>
<Project ToolsVersion="4.0" xmlns="http://schemas.microsoft.com/developer/msbuild/2003">
  <ItemGroup>
    <ClInclude Include="ipc_common.h" />
    <ClInclude Include="ipc_message.h" />
    <ClInclude Include="ipc_thread.h" />
  </ItemGroup>
  <ItemGroup>
    <ClCompile Include="ipc_message.cpp" />
    <ClCompile Include="ipc_thread.cpp" />
  </ItemGroup>
</Project>